
Microsoft Visual Studio Solution File, Format Version 12.00
# Visual Studio 14
VisualStudioVersion = 14.0.22823.1
MinimumVisualStudioVersion = 10.0.40219.1
Project("{FAE04EC0-301F-11D3-BF4B-00C04F79EFBC}") = "ChrisTestingGit", "ChrisTestingGit\ChrisTestingGit.csproj", "{923BCE12-9B12-41EF-8EB5-10AE843B06C2}"
EndProject
Project("{FAE04EC0-301F-11D3-BF4B-00C04F79EFBC}") = "ChrisTestingGit.Tests", "ChrisTestingGit.Tests\ChrisTestingGit.Tests.csproj", "{18095AF0-6A47-4B93-82A1-75F412FDE1B3}"
EndProject
Global
	GlobalSection(SolutionConfigurationPlatforms) = preSolution
		Debug|Any CPU = Debug|Any CPU
		Release|Any CPU = Release|Any CPU
	EndGlobalSection
	GlobalSection(ProjectConfigurationPlatforms) = postSolution
		{923BCE12-9B12-41EF-8EB5-10AE843B06C2}.Debug|Any CPU.ActiveCfg = Debug|Any CPU
		{923BCE12-9B12-41EF-8EB5-10AE843B06C2}.Debug|Any CPU.Build.0 = Debug|Any CPU
		{923BCE12-9B12-41EF-8EB5-10AE843B06C2}.Release|Any CPU.ActiveCfg = Release|Any CPU
		{923BCE12-9B12-41EF-8EB5-10AE843B06C2}.Release|Any CPU.Build.0 = Release|Any CPU
		{18095AF0-6A47-4B93-82A1-75F412FDE1B3}.Debug|Any CPU.ActiveCfg = Debug|Any CPU
		{18095AF0-6A47-4B93-82A1-75F412FDE1B3}.Debug|Any CPU.Build.0 = Debug|Any CPU
		{18095AF0-6A47-4B93-82A1-75F412FDE1B3}.Release|Any CPU.ActiveCfg = Release|Any CPU
		{18095AF0-6A47-4B93-82A1-75F412FDE1B3}.Release|Any CPU.Build.0 = Release|Any CPU
	EndGlobalSection
	GlobalSection(SolutionProperties) = preSolution
		HideSolutionNode = FALSE
	EndGlobalSection
EndGlobal
